{
  "name": "website-builder",
  "version": "1.0.0",
  "lockfileVersion": 1,
  "requires": true,
  "dependencies": {
    "ajv": {
      "version": "5.2.0",
      "resolved": "https://registry.npmjs.org/ajv/-/ajv-5.2.0.tgz",
      "integrity": "sha1-wXNQJMXaLvdcwZBxMHPUTwmL9IY=",
      "requires": {
        "co": "4.6.0",
        "fast-deep-equal": "0.1.0",
        "json-schema-traverse": "0.3.1",
        "json-stable-stringify": "1.0.1"
      }
    },
    "brace": {
      "version": "0.10.0",
      "resolved": "https://registry.npmjs.org/brace/-/brace-0.10.0.tgz",
      "integrity": "sha1-7e9OubCSi6HuX3F//BV3SabdXXY=",
      "requires": {
        "w3c-blob": "0.0.1"
      }
    },
    "co": {
      "version": "4.6.0",
      "resolved": "https://registry.npmjs.org/co/-/co-4.6.0.tgz",
      "integrity": "sha1-bqa989hTrlTMuOR7+gvz+QMfsYQ="
    },
    "ejs": {
      "version": "2.5.7",
      "resolved": "https://registry.npmjs.org/ejs/-/ejs-2.5.7.tgz",
      "integrity": "sha1-zIcsFoiArjxxiXYv1f/ACJbJUYo="
    },
    "fast-deep-equal": {
      "version": "0.1.0",
      "resolved": "https://registry.npmjs.org/fast-deep-equal/-/fast-deep-equal-0.1.0.tgz",
      "integrity": "sha1-XG9FmaumszPuM0Li7ZeGcvEAH40="
    },
    "javascript-natural-sort": {
      "version": "0.7.1",
      "resolved": "https://registry.npmjs.org/javascript-natural-sort/-/javascript-natural-sort-0.7.1.tgz",
      "integrity": "sha1-+eIwPUUH9tdDVac2ZNFED7Wg71k="
    },
    "json-schema-traverse": {
      "version": "0.3.1",
      "resolved": "https://registry.npmjs.org/json-schema-traverse/-/json-schema-traverse-0.3.1.tgz",
      "integrity": "sha1-NJptRMU6Ud6JtAgFxdXlm0F9M0A="
    },
    "json-stable-stringify": {
      "version": "1.0.1",
      "resolved": "https://registry.npmjs.org/json-stable-stringify/-/json-stable-stringify-1.0.1.tgz",
      "integrity": "sha1-mnWdOcXy/1A/1TAGRu1EX4jE+a8=",
      "requires": {
        "jsonify": "0.0.0"
      }
    },
    "jsoneditor": {
      "version": "5.9.4",
      "resolved": "https://registry.npmjs.org/jsoneditor/-/jsoneditor-5.9.4.tgz",
      "integrity": "sha512-ldqkYDI2qVOuqi0AZ2dX+DoRnA5Dtq+dv4QQuQmN5bH4LT+FZgUMnPP1cyNT9nPzm2R48hSD7/YovnsW/UPUHg==",
      "requires": {
        "ajv": "5.2.0",
        "brace": "0.10.0",
        "javascript-natural-sort": "0.7.1"
      }
    },
    "jsonify": {
      "version": "0.0.0",
      "resolved": "https://registry.npmjs.org/jsonify/-/jsonify-0.0.0.tgz",
      "integrity": "sha1-LHS27kHZPKUbe1qu6PUDYx0lKnM="
    },
    "tinymce": {
      "version": "4.6.5",
      "resolved": "https://registry.npmjs.org/tinymce/-/tinymce-4.6.5.tgz",
      "integrity": "sha1-teqXZzjoGb8HpE99VlP7FgiAue4="
    },
    "w3c-blob": {
      "version": "0.0.1",
      "resolved": "https://registry.npmjs.org/w3c-blob/-/w3c-blob-0.0.1.tgz",
      "integrity": "sha1-sM01KhpQ9RVWNCD/1YYflQ8dhbg="
    }
  }
}
